
Microsoft Visual Studio Solution File, Format Version 12.00
# Visual Studio 14
VisualStudioVersion = 14.0.25420.1
MinimumVisualStudioVersion = 10.0.40219.1
Project("{FAE04EC0-301F-11D3-BF4B-00C04F79EFBC}") = "KrosmagaUniverse.Droid", "KrosmagaUniverse\KrosmagaUniverse.Droid\KrosmagaUniverse.Droid.csproj", "{D1A48233-9ADE-4928-B4F2-03180FE11645}"
EndProject
Project("{FAE04EC0-301F-11D3-BF4B-00C04F79EFBC}") = "KrosmagaUniverse.iOS", "KrosmagaUniverse\KrosmagaUniverse.iOS\KrosmagaUniverse.iOS.csproj", "{3C362FF7-6BAC-43B6-9CCF-4DEFB8142B2A}"
EndProject
Project("{FAE04EC0-301F-11D3-BF4B-00C04F79EFBC}") = "KrosmagaUniverse.Windows", "KrosmagaUniverse\KrosmagaUniverse.Windows\KrosmagaUniverse.Windows.csproj", "{BF6D0475-7F45-4F95-81B6-7A67B41A306C}"
EndProject
Project("{FAE04EC0-301F-11D3-BF4B-00C04F79EFBC}") = "KrosmagaUniverse", "KrosmagaUniverse\KrosmagaUniverse\KrosmagaUniverse.csproj", "{1DA5F6A6-147A-412D-98AC-EA24D15F50DB}"
EndProject
Project("{FAE04EC0-301F-11D3-BF4B-00C04F79EFBC}") = "ControleurJSON", "ControleurJSON\ControleurJSON.csproj", "{0A518D32-47D2-4819-92B0-491CDADB26B8}"
EndProject
Global
	GlobalSection(SolutionConfigurationPlatforms) = preSolution
		Ad-Hoc|Any CPU = Ad-Hoc|Any CPU
		Ad-Hoc|ARM = Ad-Hoc|ARM
		Ad-Hoc|iPhone = Ad-Hoc|iPhone
		Ad-Hoc|iPhoneSimulator = Ad-Hoc|iPhoneSimulator
		Ad-Hoc|x64 = Ad-Hoc|x64
		Ad-Hoc|x86 = Ad-Hoc|x86
		AppStore|Any CPU = AppStore|Any CPU
		AppStore|ARM = AppStore|ARM
		AppStore|iPhone = AppStore|iPhone
		AppStore|iPhoneSimulator = AppStore|iPhoneSimulator
		AppStore|x64 = AppStore|x64
		AppStore|x86 = AppStore|x86
		Debug|Any CPU = Debug|Any CPU
		Debug|ARM = Debug|ARM
		Debug|iPhone = Debug|iPhone
		Debug|iPhoneSimulator = Debug|iPhoneSimulator
		Debug|x64 = Debug|x64
		Debug|x86 = Debug|x86
		Release|Any CPU = Release|Any CPU
		Release|ARM = Release|ARM
		Release|iPhone = Release|iPhone
		Release|iPhoneSimulator = Release|iPhoneSimulator
		Release|x64 = Release|x64
		Release|x86 = Release|x86
	EndGlobalSection
	GlobalSection(ProjectConfigurationPlatforms) = postSolution
		{D1A48233-9ADE-4928-B4F2-03180FE11645}.Ad-Hoc|Any CPU.ActiveCfg = Release|Any CPU
		{D1A48233-9ADE-4928-B4F2-03180FE11645}.Ad-Hoc|Any CPU.Build.0 = Release|Any CPU
		{D1A48233-9ADE-4928-B4F2-03180FE11645}.Ad-Hoc|Any CPU.Deploy.0 = Release|Any CPU
		{D1A48233-9ADE-4928-B4F2-03180FE11645}.Ad-Hoc|ARM.ActiveCfg = Release|Any CPU
		{D1A48233-9ADE-4928-B4F2-03180FE11645}.Ad-Hoc|ARM.Build.0 = Release|Any CPU
		{D1A48233-9ADE-4928-B4F2-03180FE11645}.Ad-Hoc|ARM.Deploy.0 = Release|Any CPU
		{D1A48233-9ADE-4928-B4F2-03180FE11645}.Ad-Hoc|iPhone.ActiveCfg = Release|Any CPU
		{D1A48233-9ADE-4928-B4F2-03180FE11645}.Ad-Hoc|iPhone.Build.0 = Release|Any CPU
		{D1A48233-9ADE-4928-B4F2-03180FE11645}.Ad-Hoc|iPhone.Deploy.0 = Release|Any CPU
		{D1A48233-9ADE-4928-B4F2-03180FE11645}.Ad-Hoc|iPhoneSimulator.ActiveCfg = Release|Any CPU
		{D1A48233-9ADE-4928-B4F2-03180FE11645}.Ad-Hoc|iPhoneSimulator.Build.0 = Release|Any CPU
		{D1A48233-9ADE-4928-B4F2-03180FE11645}.Ad-Hoc|iPhoneSimulator.Deploy.0 = Release|Any CPU
		{D1A48233-9ADE-4928-B4F2-03180FE11645}.Ad-Hoc|x64.ActiveCfg = Release|Any CPU
		{D1A48233-9ADE-4928-B4F2-03180FE11645}.Ad-Hoc|x64.Build.0 = Release|Any CPU
		{D1A48233-9ADE-4928-B4F2-03180FE11645}.Ad-Hoc|x64.Deploy.0 = Release|Any CPU
		{D1A48233-9ADE-4928-B4F2-03180FE11645}.Ad-Hoc|x86.ActiveCfg = Release|Any CPU
		{D1A48233-9ADE-4928-B4F2-03180FE11645}.Ad-Hoc|x86.Build.0 = Release|Any CPU
		{D1A48233-9ADE-4928-B4F2-03180FE11645}.Ad-Hoc|x86.Deploy.0 = Release|Any CPU
		{D1A48233-9ADE-4928-B4F2-03180FE11645}.AppStore|Any CPU.ActiveCfg = Release|Any CPU
		{D1A48233-9ADE-4928-B4F2-03180FE11645}.AppStore|Any CPU.Build.0 = Release|Any CPU
		{D1A48233-9ADE-4928-B4F2-03180FE11645}.AppStore|Any CPU.Deploy.0 = Release|Any CPU
		{D1A48233-9ADE-4928-B4F2-03180FE11645}.AppStore|ARM.ActiveCfg = Release|Any CPU
		{D1A48233-9ADE-4928-B4F2-03180FE11645}.AppStore|ARM.Build.0 = Release|Any CPU
		{D1A48233-9ADE-4928-B4F2-03180FE11645}.AppStore|ARM.Deploy.0 = Release|Any CPU
		{D1A48233-9ADE-4928-B4F2-03180FE11645}.AppStore|iPhone.ActiveCfg = Release|Any CPU
		{D1A48233-9ADE-4928-B4F2-03180FE11645}.AppStore|iPhone.Build.0 = Release|Any CPU
		{D1A48233-9ADE-4928-B4F2-03180FE11645}.AppStore|iPhone.Deploy.0 = Release|Any CPU
		{D1A48233-9ADE-4928-B4F2-03180FE11645}.AppStore|iPhoneSimulator.ActiveCfg = Release|Any CPU
		{D1A48233-9ADE-4928-B4F2-03180FE11645}.AppStore|iPhoneSimulator.Build.0 = Release|Any CPU
		{D1A48233-9ADE-4928-B4F2-03180FE11645}.AppStore|iPhoneSimulator.Deploy.0 = Release|Any CPU
		{D1A48233-9ADE-4928-B4F2-03180FE11645}.AppStore|x64.ActiveCfg = Release|Any CPU
		{D1A48233-9ADE-4928-B4F2-03180FE11645}.AppStore|x64.Build.0 = Release|Any CPU
		{D1A48233-9ADE-4928-B4F2-03180FE11645}.AppStore|x64.Deploy.0 = Release|Any CPU
		{D1A48233-9ADE-4928-B4F2-03180FE11645}.AppStore|x86.ActiveCfg = Release|Any CPU
		{D1A48233-9ADE-4928-B4F2-03180FE11645}.AppStore|x86.Build.0 = Release|Any CPU
		{D1A48233-9ADE-4928-B4F2-03180FE11645}.AppStore|x86.Deploy.0 = Release|Any CPU
		{D1A48233-9ADE-4928-B4F2-03180FE11645}.Debug|Any CPU.ActiveCfg = Debug|Any CPU
		{D1A48233-9ADE-4928-B4F2-03180FE11645}.Debug|Any CPU.Build.0 = Debug|Any CPU
		{D1A48233-9ADE-4928-B4F2-03180FE11645}.Debug|Any CPU.Deploy.0 = Debug|Any CPU
		{D1A48233-9ADE-4928-B4F2-03180FE11645}.Debug|ARM.ActiveCfg = Debug|Any CPU
		{D1A48233-9ADE-4928-B4F2-03180FE11645}.Debug|ARM.Build.0 = Debug|Any CPU
		{D1A48233-9ADE-4928-B4F2-03180FE11645}.Debug|ARM.Deploy.0 = Debug|Any CPU
		{D1A48233-9ADE-4928-B4F2-03180FE11645}.Debug|iPhone.ActiveCfg = Debug|Any CPU
		{D1A48233-9ADE-4928-B4F2-03180FE11645}.Debug|iPhone.Build.0 = Debug|Any CPU
		{D1A48233-9ADE-4928-B4F2-03180FE11645}.Debug|iPhone.Deploy.0 = Debug|Any CPU
		{D1A48233-9ADE-4928-B4F2-03180FE11645}.Debug|iPhoneSimulator.ActiveCfg = Debug|Any CPU
		{D1A48233-9ADE-4928-B4F2-03180FE11645}.Debug|iPhoneSimulator.Build.0 = Debug|Any CPU
		{D1A48233-9ADE-4928-B4F2-03180FE11645}.Debug|iPhoneSimulator.Deploy.0 = Debug|Any CPU
		{D1A48233-9ADE-4928-B4F2-03180FE11645}.Debug|x64.ActiveCfg = Debug|Any CPU
		{D1A48233-9ADE-4928-B4F2-03180FE11645}.Debug|x64.Build.0 = Debug|Any CPU
		{D1A48233-9ADE-4928-B4F2-03180FE11645}.Debug|x64.Deploy.0 = Debug|Any CPU
		{D1A48233-9ADE-4928-B4F2-03180FE11645}.Debug|x86.ActiveCfg = Debug|Any CPU
		{D1A48233-9ADE-4928-B4F2-03180FE11645}.Debug|x86.Build.0 = Debug|Any CPU
		{D1A48233-9ADE-4928-B4F2-03180FE11645}.Debug|x86.Deploy.0 = Debug|Any CPU
		{D1A48233-9ADE-4928-B4F2-03180FE11645}.Release|Any CPU.ActiveCfg = Release|Any CPU
		{D1A48233-9ADE-4928-B4F2-03180FE11645}.Release|Any CPU.Build.0 = Release|Any CPU
		{D1A48233-9ADE-4928-B4F2-03180FE11645}.Release|Any CPU.Deploy.0 = Release|Any CPU
		{D1A48233-9ADE-4928-B4F2-03180FE11645}.Release|ARM.ActiveCfg = Release|Any CPU
		{D1A48233-9ADE-4928-B4F2-03180FE11645}.Release|ARM.Build.0 = Release|Any CPU
		{D1A48233-9ADE-4928-B4F2-03180FE11645}.Release|ARM.Deploy.0 = Release|Any CPU
		{D1A48233-9ADE-4928-B4F2-03180FE11645}.Release|iPhone.ActiveCfg = Release|Any CPU
		{D1A48233-9ADE-4928-B4F2-03180FE11645}.Release|iPhone.Build.0 = Release|Any CPU
		{D1A48233-9ADE-4928-B4F2-03180FE11645}.Release|iPhone.Deploy.0 = Release|Any CPU
		{D1A48233-9ADE-4928-B4F2-03180FE11645}.Release|iPhoneSimulator.ActiveCfg = Release|Any CPU
		{D1A48233-9ADE-4928-B4F2-03180FE11645}.Release|iPhoneSimulator.Build.0 = Release|Any CPU
		{D1A48233-9ADE-4928-B4F2-03180FE11645}.Release|iPhoneSimulator.Deploy.0 = Release|Any CPU
		{D1A48233-9ADE-4928-B4F2-03180FE11645}.Release|x64.ActiveCfg = Release|Any CPU
		{D1A48233-9ADE-4928-B4F2-03180FE11645}.Release|x64.Build.0 = Release|Any CPU
		{D1A48233-9ADE-4928-B4F2-03180FE11645}.Release|x64.Deploy.0 = Release|Any CPU
		{D1A48233-9ADE-4928-B4F2-03180FE11645}.Release|x86.ActiveCfg = Release|Any CPU
		{D1A48233-9ADE-4928-B4F2-03180FE11645}.Release|x86.Build.0 = Release|Any CPU
		{D1A48233-9ADE-4928-B4F2-03180FE11645}.Release|x86.Deploy.0 = Release|Any CPU
		{3C362FF7-6BAC-43B6-9CCF-4DEFB8142B2A}.Ad-Hoc|Any CPU.ActiveCfg = Ad-Hoc|iPhone
		{3C362FF7-6BAC-43B6-9CCF-4DEFB8142B2A}.Ad-Hoc|ARM.ActiveCfg = Ad-Hoc|iPhone
		{3C362FF7-6BAC-43B6-9CCF-4DEFB8142B2A}.Ad-Hoc|iPhone.ActiveCfg = Ad-Hoc|iPhone
		{3C362FF7-6BAC-43B6-9CCF-4DEFB8142B2A}.Ad-Hoc|iPhone.Build.0 = Ad-Hoc|iPhone
		{3C362FF7-6BAC-43B6-9CCF-4DEFB8142B2A}.Ad-Hoc|iPhoneSimulator.ActiveCfg = Ad-Hoc|iPhoneSimulator
		{3C362FF7-6BAC-43B6-9CCF-4DEFB8142B2A}.Ad-Hoc|iPhoneSimulator.Build.0 = Ad-Hoc|iPhoneSimulator
		{3C362FF7-6BAC-43B6-9CCF-4DEFB8142B2A}.Ad-Hoc|x64.ActiveCfg = Ad-Hoc|iPhone
		{3C362FF7-6BAC-43B6-9CCF-4DEFB8142B2A}.Ad-Hoc|x86.ActiveCfg = Ad-Hoc|iPhone
		{3C362FF7-6BAC-43B6-9CCF-4DEFB8142B2A}.AppStore|Any CPU.ActiveCfg = AppStore|iPhone
		{3C362FF7-6BAC-43B6-9CCF-4DEFB8142B2A}.AppStore|ARM.ActiveCfg = AppStore|iPhone
		{3C362FF7-6BAC-43B6-9CCF-4DEFB8142B2A}.AppStore|iPhone.ActiveCfg = AppStore|iPhone
		{3C362FF7-6BAC-43B6-9CCF-4DEFB8142B2A}.AppStore|iPhone.Build.0 = AppStore|iPhone
		{3C362FF7-6BAC-43B6-9CCF-4DEFB8142B2A}.AppStore|iPhoneSimulator.ActiveCfg = AppStore|iPhoneSimulator
		{3C362FF7-6BAC-43B6-9CCF-4DEFB8142B2A}.AppStore|iPhoneSimulator.Build.0 = AppStore|iPhoneSimulator
		{3C362FF7-6BAC-43B6-9CCF-4DEFB8142B2A}.AppStore|x64.ActiveCfg = AppStore|iPhone
		{3C362FF7-6BAC-43B6-9CCF-4DEFB8142B2A}.AppStore|x86.ActiveCfg = AppStore|iPhone
		{3C362FF7-6BAC-43B6-9CCF-4DEFB8142B2A}.Debug|Any CPU.ActiveCfg = Debug|iPhone
		{3C362FF7-6BAC-43B6-9CCF-4DEFB8142B2A}.Debug|ARM.ActiveCfg = Debug|iPhone
		{3C362FF7-6BAC-43B6-9CCF-4DEFB8142B2A}.Debug|iPhone.ActiveCfg = Debug|iPhone
		{3C362FF7-6BAC-43B6-9CCF-4DEFB8142B2A}.Debug|iPhone.Build.0 = Debug|iPhone
		{3C362FF7-6BAC-43B6-9CCF-4DEFB8142B2A}.Debug|iPhoneSimulator.ActiveCfg = Debug|iPhoneSimulator
		{3C362FF7-6BAC-43B6-9CCF-4DEFB8142B2A}.Debug|iPhoneSimulator.Build.0 = Debug|iPhoneSimulator
		{3C362FF7-6BAC-43B6-9CCF-4DEFB8142B2A}.Debug|x64.ActiveCfg = Debug|iPhone
		{3C362FF7-6BAC-43B6-9CCF-4DEFB8142B2A}.Debug|x86.ActiveCfg = Debug|iPhone
		{3C362FF7-6BAC-43B6-9CCF-4DEFB8142B2A}.Release|Any CPU.ActiveCfg = Release|iPhone
		{3C362FF7-6BAC-43B6-9CCF-4DEFB8142B2A}.Release|ARM.ActiveCfg = Release|iPhone
		{3C362FF7-6BAC-43B6-9CCF-4DEFB8142B2A}.Release|iPhone.ActiveCfg = Release|iPhone
		{3C362FF7-6BAC-43B6-9CCF-4DEFB8142B2A}.Release|iPhone.Build.0 = Release|iPhone
		{3C362FF7-6BAC-43B6-9CCF-4DEFB8142B2A}.Release|iPhoneSimulator.ActiveCfg = Release|iPhoneSimulator
		{3C362FF7-6BAC-43B6-9CCF-4DEFB8142B2A}.Release|iPhoneSimulator.Build.0 = Release|iPhoneSimulator
		{3C362FF7-6BAC-43B6-9CCF-4DEFB8142B2A}.Release|x64.ActiveCfg = Release|iPhone
		{3C362FF7-6BAC-43B6-9CCF-4DEFB8142B2A}.Release|x86.ActiveCfg = Release|iPhone
		{BF6D0475-7F45-4F95-81B6-7A67B41A306C}.Ad-Hoc|Any CPU.ActiveCfg = Release|Any CPU
		{BF6D0475-7F45-4F95-81B6-7A67B41A306C}.Ad-Hoc|Any CPU.Build.0 = Release|Any CPU
		{BF6D0475-7F45-4F95-81B6-7A67B41A306C}.Ad-Hoc|Any CPU.Deploy.0 = Release|Any CPU
		{BF6D0475-7F45-4F95-81B6-7A67B41A306C}.Ad-Hoc|ARM.ActiveCfg = Release|ARM
		{BF6D0475-7F45-4F95-81B6-7A67B41A306C}.Ad-Hoc|ARM.Build.0 = Release|ARM
		{BF6D0475-7F45-4F95-81B6-7A67B41A306C}.Ad-Hoc|ARM.Deploy.0 = Release|ARM
		{BF6D0475-7F45-4F95-81B6-7A67B41A306C}.Ad-Hoc|iPhone.ActiveCfg = Release|Any CPU
		{BF6D0475-7F45-4F95-81B6-7A67B41A306C}.Ad-Hoc|iPhone.Build.0 = Release|Any CPU
		{BF6D0475-7F45-4F95-81B6-7A67B41A306C}.Ad-Hoc|iPhone.Deploy.0 = Release|Any CPU
		{BF6D0475-7F45-4F95-81B6-7A67B41A306C}.Ad-Hoc|iPhoneSimulator.ActiveCfg = Release|Any CPU
		{BF6D0475-7F45-4F95-81B6-7A67B41A306C}.Ad-Hoc|iPhoneSimulator.Build.0 = Release|Any CPU
		{BF6D0475-7F45-4F95-81B6-7A67B41A306C}.Ad-Hoc|iPhoneSimulator.Deploy.0 = Release|Any CPU
		{BF6D0475-7F45-4F95-81B6-7A67B41A306C}.Ad-Hoc|x64.ActiveCfg = Release|x64
		{BF6D0475-7F45-4F95-81B6-7A67B41A306C}.Ad-Hoc|x64.Build.0 = Release|x64
		{BF6D0475-7F45-4F95-81B6-7A67B41A306C}.Ad-Hoc|x64.Deploy.0 = Release|x64
		{BF6D0475-7F45-4F95-81B6-7A67B41A306C}.Ad-Hoc|x86.ActiveCfg = Release|x86
		{BF6D0475-7F45-4F95-81B6-7A67B41A306C}.Ad-Hoc|x86.Build.0 = Release|x86
		{BF6D0475-7F45-4F95-81B6-7A67B41A306C}.Ad-Hoc|x86.Deploy.0 = Release|x86
		{BF6D0475-7F45-4F95-81B6-7A67B41A306C}.AppStore|Any CPU.ActiveCfg = Release|Any CPU
		{BF6D0475-7F45-4F95-81B6-7A67B41A306C}.AppStore|Any CPU.Build.0 = Release|Any CPU
		{BF6D0475-7F45-4F95-81B6-7A67B41A306C}.AppStore|Any CPU.Deploy.0 = Release|Any CPU
		{BF6D0475-7F45-4F95-81B6-7A67B41A306C}.AppStore|ARM.ActiveCfg = Release|ARM
		{BF6D0475-7F45-4F95-81B6-7A67B41A306C}.AppStore|ARM.Build.0 = Release|ARM
		{BF6D0475-7F45-4F95-81B6-7A67B41A306C}.AppStore|ARM.Deploy.0 = Release|ARM
		{BF6D0475-7F45-4F95-81B6-7A67B41A306C}.AppStore|iPhone.ActiveCfg = Release|Any CPU
		{BF6D0475-7F45-4F95-81B6-7A67B41A306C}.AppStore|iPhone.Build.0 = Release|Any CPU
		{BF6D0475-7F45-4F95-81B6-7A67B41A306C}.AppStore|iPhone.Deploy.0 = Release|Any CPU
		{BF6D0475-7F45-4F95-81B6-7A67B41A306C}.AppStore|iPhoneSimulator.ActiveCfg = Release|Any CPU
		{BF6D0475-7F45-4F95-81B6-7A67B41A306C}.AppStore|iPhoneSimulator.Build.0 = Release|Any CPU
		{BF6D0475-7F45-4F95-81B6-7A67B41A306C}.AppStore|iPhoneSimulator.Deploy.0 = Release|Any CPU
		{BF6D0475-7F45-4F95-81B6-7A67B41A306C}.AppStore|x64.ActiveCfg = Release|x64
		{BF6D0475-7F45-4F95-81B6-7A67B41A306C}.AppStore|x64.Build.0 = Release|x64
		{BF6D0475-7F45-4F95-81B6-7A67B41A306C}.AppStore|x64.Deploy.0 = Release|x64
		{BF6D0475-7F45-4F95-81B6-7A67B41A306C}.AppStore|x86.ActiveCfg = Release|x86
		{BF6D0475-7F45-4F95-81B6-7A67B41A306C}.AppStore|x86.Build.0 = Release|x86
		{BF6D0475-7F45-4F95-81B6-7A67B41A306C}.AppStore|x86.Deploy.0 = Release|x86
		{BF6D0475-7F45-4F95-81B6-7A67B41A306C}.Debug|Any CPU.ActiveCfg = Debug|Any CPU
		{BF6D0475-7F45-4F95-81B6-7A67B41A306C}.Debug|Any CPU.Build.0 = Debug|Any CPU
		{BF6D0475-7F45-4F95-81B6-7A67B41A306C}.Debug|Any CPU.Deploy.0 = Debug|Any CPU
		{BF6D0475-7F45-4F95-81B6-7A67B41A306C}.Debug|ARM.ActiveCfg = Debug|ARM
		{BF6D0475-7F45-4F95-81B6-7A67B41A306C}.Debug|ARM.Build.0 = Debug|ARM
		{BF6D0475-7F45-4F95-81B6-7A67B41A306C}.Debug|ARM.Deploy.0 = Debug|ARM
		{BF6D0475-7F45-4F95-81B6-7A67B41A306C}.Debug|iPhone.ActiveCfg = Debug|Any CPU
		{BF6D0475-7F45-4F95-81B6-7A67B41A306C}.Debug|iPhone.Build.0 = Debug|Any CPU
		{BF6D0475-7F45-4F95-81B6-7A67B41A306C}.Debug|iPhone.Deploy.0 = Debug|Any CPU
		{BF6D0475-7F45-4F95-81B6-7A67B41A306C}.Debug|iPhoneSimulator.ActiveCfg = Debug|Any CPU
		{BF6D0475-7F45-4F95-81B6-7A67B41A306C}.Debug|iPhoneSimulator.Build.0 = Debug|Any CPU
		{BF6D0475-7F45-4F95-81B6-7A67B41A306C}.Debug|iPhoneSimulator.Deploy.0 = Debug|Any CPU
		{BF6D0475-7F45-4F95-81B6-7A67B41A306C}.Debug|x64.ActiveCfg = Debug|x64
		{BF6D0475-7F45-4F95-81B6-7A67B41A306C}.Debug|x64.Build.0 = Debug|x64
		{BF6D0475-7F45-4F95-81B6-7A67B41A306C}.Debug|x64.Deploy.0 = Debug|x64
		{BF6D0475-7F45-4F95-81B6-7A67B41A306C}.Debug|x86.ActiveCfg = Debug|x86
		{BF6D0475-7F45-4F95-81B6-7A67B41A306C}.Debug|x86.Build.0 = Debug|x86
		{BF6D0475-7F45-4F95-81B6-7A67B41A306C}.Debug|x86.Deploy.0 = Debug|x86
		{BF6D0475-7F45-4F95-81B6-7A67B41A306C}.Release|Any CPU.ActiveCfg = Release|Any CPU
		{BF6D0475-7F45-4F95-81B6-7A67B41A306C}.Release|Any CPU.Build.0 = Release|Any CPU
		{BF6D0475-7F45-4F95-81B6-7A67B41A306C}.Release|Any CPU.Deploy.0 = Release|Any CPU
		{BF6D0475-7F45-4F95-81B6-7A67B41A306C}.Release|ARM.ActiveCfg = Release|ARM
		{BF6D0475-7F45-4F95-81B6-7A67B41A306C}.Release|ARM.Build.0 = Release|ARM
		{BF6D0475-7F45-4F95-81B6-7A67B41A306C}.Release|ARM.Deploy.0 = Release|ARM
		{BF6D0475-7F45-4F95-81B6-7A67B41A306C}.Release|iPhone.ActiveCfg = Release|Any CPU
		{BF6D0475-7F45-4F95-81B6-7A67B41A306C}.Release|iPhone.Build.0 = Release|Any CPU
		{BF6D0475-7F45-4F95-81B6-7A67B41A306C}.Release|iPhone.Deploy.0 = Release|Any CPU
		{BF6D0475-7F45-4F95-81B6-7A67B41A306C}.Release|iPhoneSimulator.ActiveCfg = Release|Any CPU
		{BF6D0475-7F45-4F95-81B6-7A67B41A306C}.Release|iPhoneSimulator.Build.0 = Release|Any CPU
		{BF6D0475-7F45-4F95-81B6-7A67B41A306C}.Release|iPhoneSimulator.Deploy.0 = Release|Any CPU
		{BF6D0475-7F45-4F95-81B6-7A67B41A306C}.Release|x64.ActiveCfg = Release|x64
		{BF6D0475-7F45-4F95-81B6-7A67B41A306C}.Release|x64.Build.0 = Release|x64
		{BF6D0475-7F45-4F95-81B6-7A67B41A306C}.Release|x64.Deploy.0 = Release|x64
		{BF6D0475-7F45-4F95-81B6-7A67B41A306C}.Release|x86.ActiveCfg = Release|x86
		{BF6D0475-7F45-4F95-81B6-7A67B41A306C}.Release|x86.Build.0 = Release|x86
		{BF6D0475-7F45-4F95-81B6-7A67B41A306C}.Release|x86.Deploy.0 = Release|x86
		{1DA5F6A6-147A-412D-98AC-EA24D15F50DB}.Ad-Hoc|Any CPU.ActiveCfg = Release|Any CPU
		{1DA5F6A6-147A-412D-98AC-EA24D15F50DB}.Ad-Hoc|Any CPU.Build.0 = Release|Any CPU
		{1DA5F6A6-147A-412D-98AC-EA24D15F50DB}.Ad-Hoc|ARM.ActiveCfg = Release|Any CPU
		{1DA5F6A6-147A-412D-98AC-EA24D15F50DB}.Ad-Hoc|ARM.Build.0 = Release|Any CPU
		{1DA5F6A6-147A-412D-98AC-EA24D15F50DB}.Ad-Hoc|iPhone.ActiveCfg = Release|Any CPU
		{1DA5F6A6-147A-412D-98AC-EA24D15F50DB}.Ad-Hoc|iPhone.Build.0 = Release|Any CPU
		{1DA5F6A6-147A-412D-98AC-EA24D15F50DB}.Ad-Hoc|iPhoneSimulator.ActiveCfg = Release|Any CPU
		{1DA5F6A6-147A-412D-98AC-EA24D15F50DB}.Ad-Hoc|iPhoneSimulator.Build.0 = Release|Any CPU
		{1DA5F6A6-147A-412D-98AC-EA24D15F50DB}.Ad-Hoc|x64.ActiveCfg = Release|Any CPU
		{1DA5F6A6-147A-412D-98AC-EA24D15F50DB}.Ad-Hoc|x64.Build.0 = Release|Any CPU
		{1DA5F6A6-147A-412D-98AC-EA24D15F50DB}.Ad-Hoc|x86.ActiveCfg = Release|Any CPU
		{1DA5F6A6-147A-412D-98AC-EA24D15F50DB}.Ad-Hoc|x86.Build.0 = Release|Any CPU
		{1DA5F6A6-147A-412D-98AC-EA24D15F50DB}.AppStore|Any CPU.ActiveCfg = Release|Any CPU
		{1DA5F6A6-147A-412D-98AC-EA24D15F50DB}.AppStore|Any CPU.Build.0 = Release|Any CPU
		{1DA5F6A6-147A-412D-98AC-EA24D15F50DB}.AppStore|ARM.ActiveCfg = Release|Any CPU
		{1DA5F6A6-147A-412D-98AC-EA24D15F50DB}.AppStore|ARM.Build.0 = Release|Any CPU
		{1DA5F6A6-147A-412D-98AC-EA24D15F50DB}.AppStore|iPhone.ActiveCfg = Release|Any CPU
		{1DA5F6A6-147A-412D-98AC-EA24D15F50DB}.AppStore|iPhone.Build.0 = Release|Any CPU
		{1DA5F6A6-147A-412D-98AC-EA24D15F50DB}.AppStore|iPhoneSimulator.ActiveCfg = Release|Any CPU
		{1DA5F6A6-147A-412D-98AC-EA24D15F50DB}.AppStore|iPhoneSimulator.Build.0 = Release|Any CPU
		{1DA5F6A6-147A-412D-98AC-EA24D15F50DB}.AppStore|x64.ActiveCfg = Release|Any CPU
		{1DA5F6A6-147A-412D-98AC-EA24D15F50DB}.AppStore|x64.Build.0 = Release|Any CPU
		{1DA5F6A6-147A-412D-98AC-EA24D15F50DB}.AppStore|x86.ActiveCfg = Release|Any CPU
		{1DA5F6A6-147A-412D-98AC-EA24D15F50DB}.AppStore|x86.Build.0 = Release|Any CPU
		{1DA5F6A6-147A-412D-98AC-EA24D15F50DB}.Debug|Any CPU.ActiveCfg = Debug|Any CPU
		{1DA5F6A6-147A-412D-98AC-EA24D15F50DB}.Debug|Any CPU.Build.0 = Debug|Any CPU
		{1DA5F6A6-147A-412D-98AC-EA24D15F50DB}.Debug|ARM.ActiveCfg = Debug|Any CPU
		{1DA5F6A6-147A-412D-98AC-EA24D15F50DB}.Debug|ARM.Build.0 = Debug|Any CPU
		{1DA5F6A6-147A-412D-98AC-EA24D15F50DB}.Debug|iPhone.ActiveCfg = Debug|Any CPU
		{1DA5F6A6-147A-412D-98AC-EA24D15F50DB}.Debug|iPhone.Build.0 = Debug|Any CPU
		{1DA5F6A6-147A-412D-98AC-EA24D15F50DB}.Debug|iPhoneSimulator.ActiveCfg = Debug|Any CPU
		{1DA5F6A6-147A-412D-98AC-EA24D15F50DB}.Debug|iPhoneSimulator.Build.0 = Debug|Any CPU
		{1DA5F6A6-147A-412D-98AC-EA24D15F50DB}.Debug|x64.ActiveCfg = Debug|Any CPU
		{1DA5F6A6-147A-412D-98AC-EA24D15F50DB}.Debug|x64.Build.0 = Debug|Any CPU
		{1DA5F6A6-147A-412D-98AC-EA24D15F50DB}.Debug|x86.ActiveCfg = Debug|Any CPU
		{1DA5F6A6-147A-412D-98AC-EA24D15F50DB}.Debug|x86.Build.0 = Debug|Any CPU
		{1DA5F6A6-147A-412D-98AC-EA24D15F50DB}.Release|Any CPU.ActiveCfg = Release|Any CPU
		{1DA5F6A6-147A-412D-98AC-EA24D15F50DB}.Release|Any CPU.Build.0 = Release|Any CPU
		{1DA5F6A6-147A-412D-98AC-EA24D15F50DB}.Release|ARM.ActiveCfg = Release|Any CPU
		{1DA5F6A6-147A-412D-98AC-EA24D15F50DB}.Release|ARM.Build.0 = Release|Any CPU
		{1DA5F6A6-147A-412D-98AC-EA24D15F50DB}.Release|iPhone.ActiveCfg = Release|Any CPU
		{1DA5F6A6-147A-412D-98AC-EA24D15F50DB}.Release|iPhone.Build.0 = Release|Any CPU
		{1DA5F6A6-147A-412D-98AC-EA24D15F50DB}.Release|iPhoneSimulator.ActiveCfg = Release|Any CPU
		{1DA5F6A6-147A-412D-98AC-EA24D15F50DB}.Release|iPhoneSimulator.Build.0 = Release|Any CPU
		{1DA5F6A6-147A-412D-98AC-EA24D15F50DB}.Release|x64.ActiveCfg = Release|Any CPU
		{1DA5F6A6-147A-412D-98AC-EA24D15F50DB}.Release|x64.Build.0 = Release|Any CPU
		{1DA5F6A6-147A-412D-98AC-EA24D15F50DB}.Release|x86.ActiveCfg = Release|Any CPU
		{1DA5F6A6-147A-412D-98AC-EA24D15F50DB}.Release|x86.Build.0 = Release|Any CPU
		{0A518D32-47D2-4819-92B0-491CDADB26B8}.Ad-Hoc|Any CPU.ActiveCfg = Release|Any CPU
		{0A518D32-47D2-4819-92B0-491CDADB26B8}.Ad-Hoc|Any CPU.Build.0 = Release|Any CPU
		{0A518D32-47D2-4819-92B0-491CDADB26B8}.Ad-Hoc|ARM.ActiveCfg = Release|Any CPU
		{0A518D32-47D2-4819-92B0-491CDADB26B8}.Ad-Hoc|ARM.Build.0 = Release|Any CPU
		{0A518D32-47D2-4819-92B0-491CDADB26B8}.Ad-Hoc|iPhone.ActiveCfg = Release|Any CPU
		{0A518D32-47D2-4819-92B0-491CDADB26B8}.Ad-Hoc|iPhone.Build.0 = Release|Any CPU
		{0A518D32-47D2-4819-92B0-491CDADB26B8}.Ad-Hoc|iPhoneSimulator.ActiveCfg = Release|Any CPU
		{0A518D32-47D2-4819-92B0-491CDADB26B8}.Ad-Hoc|iPhoneSimulator.Build.0 = Release|Any CPU
		{0A518D32-47D2-4819-92B0-491CDADB26B8}.Ad-Hoc|x64.ActiveCfg = Release|Any CPU
		{0A518D32-47D2-4819-92B0-491CDADB26B8}.Ad-Hoc|x64.Build.0 = Release|Any CPU
		{0A518D32-47D2-4819-92B0-491CDADB26B8}.Ad-Hoc|x86.ActiveCfg = Release|Any CPU
		{0A518D32-47D2-4819-92B0-491CDADB26B8}.Ad-Hoc|x86.Build.0 = Release|Any CPU
		{0A518D32-47D2-4819-92B0-491CDADB26B8}.AppStore|Any CPU.ActiveCfg = Release|Any CPU
		{0A518D32-47D2-4819-92B0-491CDADB26B8}.AppStore|Any CPU.Build.0 = Release|Any CPU
		{0A518D32-47D2-4819-92B0-491CDADB26B8}.AppStore|ARM.ActiveCfg = Release|Any CPU
		{0A518D32-47D2-4819-92B0-491CDADB26B8}.AppStore|ARM.Build.0 = Release|Any CPU
		{0A518D32-47D2-4819-92B0-491CDADB26B8}.AppStore|iPhone.ActiveCfg = Release|Any CPU
		{0A518D32-47D2-4819-92B0-491CDADB26B8}.AppStore|iPhone.Build.0 = Release|Any CPU
		{0A518D32-47D2-4819-92B0-491CDADB26B8}.AppStore|iPhoneSimulator.ActiveCfg = Release|Any CPU
		{0A518D32-47D2-4819-92B0-491CDADB26B8}.AppStore|iPhoneSimulator.Build.0 = Release|Any CPU
		{0A518D32-47D2-4819-92B0-491CDADB26B8}.AppStore|x64.ActiveCfg = Release|Any CPU
		{0A518D32-47D2-4819-92B0-491CDADB26B8}.AppStore|x64.Build.0 = Release|Any CPU
		{0A518D32-47D2-4819-92B0-491CDADB26B8}.AppStore|x86.ActiveCfg = Release|Any CPU
		{0A518D32-47D2-4819-92B0-491CDADB26B8}.AppStore|x86.Build.0 = Release|Any CPU
		{0A518D32-47D2-4819-92B0-491CDADB26B8}.Debug|Any CPU.ActiveCfg = Debug|Any CPU
		{0A518D32-47D2-4819-92B0-491CDADB26B8}.Debug|Any CPU.Build.0 = Debug|Any CPU
		{0A518D32-47D2-4819-92B0-491CDADB26B8}.Debug|ARM.ActiveCfg = Debug|Any CPU
		{0A518D32-47D2-4819-92B0-491CDADB26B8}.Debug|ARM.Build.0 = Debug|Any CPU
		{0A518D32-47D2-4819-92B0-491CDADB26B8}.Debug|iPhone.ActiveCfg = Debug|Any CPU
		{0A518D32-47D2-4819-92B0-491CDADB26B8}.Debug|iPhone.Build.0 = Debug|Any CPU
		{0A518D32-47D2-4819-92B0-491CDADB26B8}.Debug|iPhoneSimulator.ActiveCfg = Debug|Any CPU
		{0A518D32-47D2-4819-92B0-491CDADB26B8}.Debug|iPhoneSimulator.Build.0 = Debug|Any CPU
		{0A518D32-47D2-4819-92B0-491CDADB26B8}.Debug|x64.ActiveCfg = Debug|Any CPU
		{0A518D32-47D2-4819-92B0-491CDADB26B8}.Debug|x64.Build.0 = Debug|Any CPU
		{0A518D32-47D2-4819-92B0-491CDADB26B8}.Debug|x86.ActiveCfg = Debug|Any CPU
		{0A518D32-47D2-4819-92B0-491CDADB26B8}.Debug|x86.Build.0 = Debug|Any CPU
		{0A518D32-47D2-4819-92B0-491CDADB26B8}.Release|Any CPU.ActiveCfg = Release|Any CPU
		{0A518D32-47D2-4819-92B0-491CDADB26B8}.Release|Any CPU.Build.0 = Release|Any CPU
		{0A518D32-47D2-4819-92B0-491CDADB26B8}.Release|ARM.ActiveCfg = Release|Any CPU
		{0A518D32-47D2-4819-92B0-491CDADB26B8}.Release|ARM.Build.0 = Release|Any CPU
		{0A518D32-47D2-4819-92B0-491CDADB26B8}.Release|iPhone.ActiveCfg = Release|Any CPU
		{0A518D32-47D2-4819-92B0-491CDADB26B8}.Release|iPhone.Build.0 = Release|Any CPU
		{0A518D32-47D2-4819-92B0-491CDADB26B8}.Release|iPhoneSimulator.ActiveCfg = Release|Any CPU
		{0A518D32-47D2-4819-92B0-491CDADB26B8}.Release|iPhoneSimulator.Build.0 = Release|Any CPU
		{0A518D32-47D2-4819-92B0-491CDADB26B8}.Release|x64.ActiveCfg = Release|Any CPU
		{0A518D32-47D2-4819-92B0-491CDADB26B8}.Release|x64.Build.0 = Release|Any CPU
		{0A518D32-47D2-4819-92B0-491CDADB26B8}.Release|x86.ActiveCfg = Release|Any CPU
		{0A518D32-47D2-4819-92B0-491CDADB26B8}.Release|x86.Build.0 = Release|Any CPU
	EndGlobalSection
	GlobalSection(SolutionProperties) = preSolution
		HideSolutionNode = FALSE
	EndGlobalSection
EndGlobal
